
Microsoft Visual Studio Solution File, Format Version 11.00
# Visual Studio 2010
Project("{8BC9CEB8-8B4A-11D0-8D11-00A0C91BC942}") = "mario1", "mario1\mario1.vcxproj", "{E1DF29FE-87D1-4DD7-9C53-3183B0050FF8}"
EndProject
Global
	GlobalSection(SolutionConfigurationPlatforms) = preSolution
		Debug|Win32 = Debug|Win32
		Release|Win32 = Release|Win32
	EndGlobalSection
	GlobalSection(ProjectConfigurationPlatforms) = postSolution
		{E1DF29FE-87D1-4DD7-9C53-3183B0050FF8}.Debug|Win32.ActiveCfg = Debug|Win32
		{E1DF29FE-87D1-4DD7-9C53-3183B0050FF8}.Debug|Win32.Build.0 = Debug|Win32
		{E1DF29FE-87D1-4DD7-9C53-3183B0050FF8}.Release|Win32.ActiveCfg = Release|Win32
		{E1DF29FE-87D1-4DD7-9C53-3183B0050FF8}.Release|Win32.Build.0 = Release|Win32
	EndGlobalSection
	GlobalSection(SolutionProperties) = preSolution
		HideSolutionNode = FALSE
	EndGlobalSection
EndGlobal
